
Microsoft Visual Studio Solution File, Format Version 12.00
# Visual Studio 15
VisualStudioVersion = 15.0.27130.2024
MinimumVisualStudioVersion = 10.0.40219.1
Project("{9A19103F-16F7-4668-BE54-9A1E7A4F7556}") = "Ex2", "Ex2\Ex2.csproj", "{0ABD0ED3-088E-4824-A02C-8D44B61417A7}"
EndProject
Project("{9A19103F-16F7-4668-BE54-9A1E7A4F7556}") = "Ex3", "Ex3\Ex3.csproj", "{03B3681A-9165-4F90-9A7C-768A33725A33}"
EndProject
Project("{9A19103F-16F7-4668-BE54-9A1E7A4F7556}") = "Ex4", "Ex4\Ex4.csproj", "{D19CA419-9277-4C8F-AA0A-DF11AB6E73DD}"
EndProject
Project("{9A19103F-16F7-4668-BE54-9A1E7A4F7556}") = "Ex5", "Ex5\Ex5.csproj", "{7EE08702-1D99-4864-8916-56AB09A033D7}"
EndProject
Project("{9A19103F-16F7-4668-BE54-9A1E7A4F7556}") = "Ex6", "Ex6\Ex6.csproj", "{0B000667-FE4A-4758-B56C-98615852C5C3}"
EndProject
Project("{9A19103F-16F7-4668-BE54-9A1E7A4F7556}") = "Ex7", "Ex7\Ex7.csproj", "{3747BB90-370A-4B12-B491-294E0FC4514C}"
EndProject
Project("{9A19103F-16F7-4668-BE54-9A1E7A4F7556}") = "Ex8", "Ex8\Ex8.csproj", "{EF2127BF-3294-4284-AAAD-1B0F3E15FFB6}"
EndProject
Project("{9A19103F-16F7-4668-BE54-9A1E7A4F7556}") = "Ex9", "Ex9\Ex9.csproj", "{B9E40A6A-97B6-48D4-98EA-6B91BD404129}"
EndProject
Project("{9A19103F-16F7-4668-BE54-9A1E7A4F7556}") = "Ex10", "Ex10\Ex10.csproj", "{4D454323-CE21-4EA2-BB38-A88E1E771EC7}"
EndProject
Project("{9A19103F-16F7-4668-BE54-9A1E7A4F7556}") = "Ex11", "Ex11\Ex11.csproj", "{6E20BB47-4CF4-40E8-A5BB-64E8A34247B6}"
EndProject
Project("{FAE04EC0-301F-11D3-BF4B-00C04F79EFBC}") = "Ex12", "Ex12\Ex12.csproj", "{3E700ABD-0735-4F5F-B977-6AE890CC088E}"
EndProject
Project("{FAE04EC0-301F-11D3-BF4B-00C04F79EFBC}") = "Ex13", "Ex13\Ex13.csproj", "{E90190F7-5501-40D9-8D85-B4299F6A215B}"
EndProject
Project("{FAE04EC0-301F-11D3-BF4B-00C04F79EFBC}") = "Ex17", "Ex17\Ex17.csproj", "{E48B7FBB-4B1A-4D62-A461-199651FE9FEF}"
EndProject
Project("{FAE04EC0-301F-11D3-BF4B-00C04F79EFBC}") = "Ex18", "Ex18\Ex18.csproj", "{7DE9DCB0-26A1-462B-A97B-E8737E3E5C33}"
EndProject
Global
	GlobalSection(SolutionConfigurationPlatforms) = preSolution
		Debug|Any CPU = Debug|Any CPU
		Release|Any CPU = Release|Any CPU
	EndGlobalSection
	GlobalSection(ProjectConfigurationPlatforms) = postSolution
		{0ABD0ED3-088E-4824-A02C-8D44B61417A7}.Debug|Any CPU.ActiveCfg = Debug|Any CPU
		{0ABD0ED3-088E-4824-A02C-8D44B61417A7}.Debug|Any CPU.Build.0 = Debug|Any CPU
		{0ABD0ED3-088E-4824-A02C-8D44B61417A7}.Release|Any CPU.ActiveCfg = Release|Any CPU
		{0ABD0ED3-088E-4824-A02C-8D44B61417A7}.Release|Any CPU.Build.0 = Release|Any CPU
		{03B3681A-9165-4F90-9A7C-768A33725A33}.Debug|Any CPU.ActiveCfg = Debug|Any CPU
		{03B3681A-9165-4F90-9A7C-768A33725A33}.Debug|Any CPU.Build.0 = Debug|Any CPU
		{03B3681A-9165-4F90-9A7C-768A33725A33}.Release|Any CPU.ActiveCfg = Release|Any CPU
		{03B3681A-9165-4F90-9A7C-768A33725A33}.Release|Any CPU.Build.0 = Release|Any CPU
		{D19CA419-9277-4C8F-AA0A-DF11AB6E73DD}.Debug|Any CPU.ActiveCfg = Debug|Any CPU
		{D19CA419-9277-4C8F-AA0A-DF11AB6E73DD}.Debug|Any CPU.Build.0 = Debug|Any CPU
		{D19CA419-9277-4C8F-AA0A-DF11AB6E73DD}.Release|Any CPU.ActiveCfg = Release|Any CPU
		{D19CA419-9277-4C8F-AA0A-DF11AB6E73DD}.Release|Any CPU.Build.0 = Release|Any CPU
		{7EE08702-1D99-4864-8916-56AB09A033D7}.Debug|Any CPU.ActiveCfg = Debug|Any CPU
		{7EE08702-1D99-4864-8916-56AB09A033D7}.Debug|Any CPU.Build.0 = Debug|Any CPU
		{7EE08702-1D99-4864-8916-56AB09A033D7}.Release|Any CPU.ActiveCfg = Release|Any CPU
		{7EE08702-1D99-4864-8916-56AB09A033D7}.Release|Any CPU.Build.0 = Release|Any CPU
		{0B000667-FE4A-4758-B56C-98615852C5C3}.Debug|Any CPU.ActiveCfg = Debug|Any CPU
		{0B000667-FE4A-4758-B56C-98615852C5C3}.Debug|Any CPU.Build.0 = Debug|Any CPU
		{0B000667-FE4A-4758-B56C-98615852C5C3}.Release|Any CPU.ActiveCfg = Release|Any CPU
		{0B000667-FE4A-4758-B56C-98615852C5C3}.Release|Any CPU.Build.0 = Release|Any CPU
		{3747BB90-370A-4B12-B491-294E0FC4514C}.Debug|Any CPU.ActiveCfg = Debug|Any CPU
		{3747BB90-370A-4B12-B491-294E0FC4514C}.Debug|Any CPU.Build.0 = Debug|Any CPU
		{3747BB90-370A-4B12-B491-294E0FC4514C}.Release|Any CPU.ActiveCfg = Release|Any CPU
		{3747BB90-370A-4B12-B491-294E0FC4514C}.Release|Any CPU.Build.0 = Release|Any CPU
		{EF2127BF-3294-4284-AAAD-1B0F3E15FFB6}.Debug|Any CPU.ActiveCfg = Debug|Any CPU
		{EF2127BF-3294-4284-AAAD-1B0F3E15FFB6}.Debug|Any CPU.Build.0 = Debug|Any CPU
		{EF2127BF-3294-4284-AAAD-1B0F3E15FFB6}.Release|Any CPU.ActiveCfg = Release|Any CPU
		{EF2127BF-3294-4284-AAAD-1B0F3E15FFB6}.Release|Any CPU.Build.0 = Release|Any CPU
		{B9E40A6A-97B6-48D4-98EA-6B91BD404129}.Debug|Any CPU.ActiveCfg = Debug|Any CPU
		{B9E40A6A-97B6-48D4-98EA-6B91BD404129}.Debug|Any CPU.Build.0 = Debug|Any CPU
		{B9E40A6A-97B6-48D4-98EA-6B91BD404129}.Release|Any CPU.ActiveCfg = Release|Any CPU
		{B9E40A6A-97B6-48D4-98EA-6B91BD404129}.Release|Any CPU.Build.0 = Release|Any CPU
		{4D454323-CE21-4EA2-BB38-A88E1E771EC7}.Debug|Any CPU.ActiveCfg = Debug|Any CPU
		{4D454323-CE21-4EA2-BB38-A88E1E771EC7}.Debug|Any CPU.Build.0 = Debug|Any CPU
		{4D454323-CE21-4EA2-BB38-A88E1E771EC7}.Release|Any CPU.ActiveCfg = Release|Any CPU
		{4D454323-CE21-4EA2-BB38-A88E1E771EC7}.Release|Any CPU.Build.0 = Release|Any CPU
		{6E20BB47-4CF4-40E8-A5BB-64E8A34247B6}.Debug|Any CPU.ActiveCfg = Debug|Any CPU
		{6E20BB47-4CF4-40E8-A5BB-64E8A34247B6}.Debug|Any CPU.Build.0 = Debug|Any CPU
		{6E20BB47-4CF4-40E8-A5BB-64E8A34247B6}.Release|Any CPU.ActiveCfg = Release|Any CPU
		{6E20BB47-4CF4-40E8-A5BB-64E8A34247B6}.Release|Any CPU.Build.0 = Release|Any CPU
		{3E700ABD-0735-4F5F-B977-6AE890CC088E}.Debug|Any CPU.ActiveCfg = Debug|Any CPU
		{3E700ABD-0735-4F5F-B977-6AE890CC088E}.Debug|Any CPU.Build.0 = Debug|Any CPU
		{3E700ABD-0735-4F5F-B977-6AE890CC088E}.Release|Any CPU.ActiveCfg = Release|Any CPU
		{3E700ABD-0735-4F5F-B977-6AE890CC088E}.Release|Any CPU.Build.0 = Release|Any CPU
		{E90190F7-5501-40D9-8D85-B4299F6A215B}.Debug|Any CPU.ActiveCfg = Debug|Any CPU
		{E90190F7-5501-40D9-8D85-B4299F6A215B}.Debug|Any CPU.Build.0 = Debug|Any CPU
		{E90190F7-5501-40D9-8D85-B4299F6A215B}.Release|Any CPU.ActiveCfg = Release|Any CPU
		{E90190F7-5501-40D9-8D85-B4299F6A215B}.Release|Any CPU.Build.0 = Release|Any CPU
		{E48B7FBB-4B1A-4D62-A461-199651FE9FEF}.Debug|Any CPU.ActiveCfg = Debug|Any CPU
		{E48B7FBB-4B1A-4D62-A461-199651FE9FEF}.Debug|Any CPU.Build.0 = Debug|Any CPU
		{E48B7FBB-4B1A-4D62-A461-199651FE9FEF}.Release|Any CPU.ActiveCfg = Release|Any CPU
		{E48B7FBB-4B1A-4D62-A461-199651FE9FEF}.Release|Any CPU.Build.0 = Release|Any CPU
		{7DE9DCB0-26A1-462B-A97B-E8737E3E5C33}.Debug|Any CPU.ActiveCfg = Debug|Any CPU
		{7DE9DCB0-26A1-462B-A97B-E8737E3E5C33}.Debug|Any CPU.Build.0 = Debug|Any CPU
		{7DE9DCB0-26A1-462B-A97B-E8737E3E5C33}.Release|Any CPU.ActiveCfg = Release|Any CPU
		{7DE9DCB0-26A1-462B-A97B-E8737E3E5C33}.Release|Any CPU.Build.0 = Release|Any CPU
	EndGlobalSection
	GlobalSection(SolutionProperties) = preSolution
		HideSolutionNode = FALSE
	EndGlobalSection
	GlobalSection(ExtensibilityGlobals) = postSolution
		SolutionGuid = {377754E9-7BE2-4D0F-8ED6-0F698B98BABC}
	EndGlobalSection
EndGlobal
